{
  "name": "nerova-agent-runtime",
  "version": "0.1.0",
  "lockfileVersion": 3,
  "requires": true,
  "packages": {
    "": {
      "name": "nerova-agent-runtime",
      "version": "0.1.0",
      "dependencies": {
        "@nerova/agent": "file:nerovaagent/frontend"
      }
    },
    "nerovaagent/frontend": {
      "name": "@nerova/agent",
      "version": "0.1.0",
      "dependencies": {
        "@playwright/test": "^1.47.2"
      },
      "bin": {
        "nerovaagent": "bin/nerovaagent.js"
      }
    },
    "node_modules/@nerova/agent": {
      "resolved": "nerovaagent/frontend",
      "link": true
    },
    "node_modules/@playwright/test": {
      "version": "1.55.1",
      "license": "Apache-2.0",
      "dependencies": {
        "playwright": "1.55.1"
      },
      "bin": {
        "playwright": "cli.js"
      },
      "engines": {
        "node": ">=18"
      }
    },
    "node_modules/playwright": {
      "version": "1.55.1",
      "license": "Apache-2.0",
      "dependencies": {
        "playwright-core": "1.55.1"
      },
      "bin": {
        "playwright": "cli.js"
      },
      "engines": {
        "node": ">=18"
      },
      "optionalDependencies": {
        "fsevents": "2.3.2"
      }
    },
    "node_modules/playwright-core": {
      "version": "1.55.1",
      "license": "Apache-2.0",
      "bin": {
        "playwright-core": "cli.js"
      },
      "engines": {
        "node": ">=18"
      }
    }
  }
}
